
Microsoft Visual Studio Solution File, Format Version 9.00
# Visual Studio 2005
Project("{E24C65DC-7377-472B-9ABA-BC803B73C61A}") = "C:\...\rmp\", "rmp", "{5CA5B43F-34BC-4E14-9582-ADCBE1F9B023}"
	ProjectSection(WebsiteProperties) = preProject
		Debug.AspNetCompiler.VirtualPath = "/rmp"
		Debug.AspNetCompiler.PhysicalPath = "..\..\..\..\Desktop\prj\rmp\"
		Debug.AspNetCompiler.TargetPath = "PrecompiledWeb\rmp\"
		Debug.AspNetCompiler.Updateable = "true"
		Debug.AspNetCompiler.ForceOverwrite = "true"
		Debug.AspNetCompiler.FixedNames = "false"
		Debug.AspNetCompiler.Debug = "True"
		Release.AspNetCompiler.VirtualPath = "/rmp"
		Release.AspNetCompiler.PhysicalPath = "..\..\..\..\Desktop\prj\rmp\"
		Release.AspNetCompiler.TargetPath = "PrecompiledWeb\rmp\"
		Release.AspNetCompiler.Updateable = "true"
		Release.AspNetCompiler.ForceOverwrite = "true"
		Release.AspNetCompiler.FixedNames = "false"
		Release.AspNetCompiler.Debug = "False"
		VWDPort = "12227"
	EndProjectSection
EndProject
Global
	GlobalSection(SolutionConfigurationPlatforms) = preSolution
		Debug|.NET = Debug|.NET
	EndGlobalSection
	GlobalSection(ProjectConfigurationPlatforms) = postSolution
		{5CA5B43F-34BC-4E14-9582-ADCBE1F9B023}.Debug|.NET.ActiveCfg = Debug|.NET
		{5CA5B43F-34BC-4E14-9582-ADCBE1F9B023}.Debug|.NET.Build.0 = Debug|.NET
	EndGlobalSection
	GlobalSection(SolutionProperties) = preSolution
		HideSolutionNode = FALSE
	EndGlobalSection
EndGlobal
